// !$*UTF8*$!
{
	archiveVersion = 1;
	classes = {
	};
	objectVersion = 46;
	objects = {

/* Begin PBXBuildFile section */
		3EDD76BC1C2269D20002F509 /* main.cpp in Sources */ = {isa = PBXBuildFile; fileRef = 3EDD76B51C22606B0002F509 /* main.cpp */; };
/* End PBXBuildFile section */

/* Begin PBXCopyFilesBuildPhase section */
		3EDD76B01C22606B0002F509 /* CopyFiles */ = {
			isa = PBXCopyFilesBuildPhase;
			buildActionMask = 2147483647;
			dstPath = /usr/share/man/man1/;
			dstSubfolderSpec = 0;
			files = (
			);
			runOnlyForDeploymentPostprocessing = 1;
		};
/* End PBXCopyFilesBuildPhase section */

/* Begin PBXFileReference section */
		3EDD76B21C22606B0002F509 /* 26 Remove Duplicates from Sorted Array */ = {isa = PBXFileReference; explicitFileType = "compiled.mach-o.executable"; includeInIndex = 0; path = "26 Remove Duplicates from Sorted Array"; sourceTree = BUILT_PRODUCTS_DIR; };
		3EDD76B51C22606B0002F509 /* main.cpp */ = {isa = PBXFileReference; lastKnownFileType = sourcecode.cpp.cpp; path = main.cpp; sourceTree = "<group>"; };
/* End PBXFileReference section */

/* Begin PBXFrameworksBuildPhase section */
		3EDD76AF1C22606B0002F509 /* Frameworks */ = {
			isa = PBXFrameworksBuildPhase;
			buildActionMask = 2147483647;
			files = (
			);
			runOnlyForDeploymentPostprocessing = 0;
		};
/* End PBXFrameworksBuildPhase section */

/* Begin PBXGroup section */
		3EDD76A91C22606B0002F509 = {
			isa = PBXGroup;
			children = (
				3EDD76B41C22606B0002F509 /* 26 Remove Duplicates from Sorted Array */,
				3EDD76B31C22606B0002F509 /* Products */,
			);
			sourceTree = "<group>";
		};
		3EDD76B31C22606B0002F509 /* Products */ = {
			isa = PBXGroup;
			children = (
				3EDD76B21C22606B0002F509 /* 26 Remove Duplicates from Sorted Array */,
			);
			name = Products;
			sourceTree = "<group>";
		};
		3EDD76B41C22606B0002F509 /* 26 Remove Duplicates from Sorted Array */ = {
			isa = PBXGroup;
			children = (
				3EDD76B51C22606B0002F509 /* main.cpp */,
			);
			path = "26 Remove Duplicates from Sorted Array";
			sourceTree = "<group>";
		};
/* End PBXGroup section */

/* Begin PBXNativeTarget section */
		3EDD76B11C22606B0002F509 /* 26 Remove Duplicates from Sorted Array */ = {
			isa = PBXNativeTarget;
			buildConfigurationList = 3EDD76B91C22606B0002F509 /* Build configuration list for PBXNativeTarget "26 Remove Duplicates from Sorted Array" */;
			buildPhases = (
				3EDD76AE1C22606B0002F509 /* Sources */,
				3EDD76AF1C22606B0002F509 /* Frameworks */,
				3EDD76B01C22606B0002F509 /* CopyFiles */,
			);
			buildRules = (
			);
			dependencies = (
			);
			name = "26 Remove Duplicates from Sorted Array";
			productName = "26 Remove Duplicates from Sorted Array";
			productReference = 3EDD76B21C22606B0002F509 /* 26 Remove Duplicates from Sorted Array */;
			productType = "com.apple.product-type.tool";
		};
/* End PBXNativeTarget section */

/* Begin PBXProject section */
		3EDD76AA1C22606B0002F509 /* Project object */ = {
			isa = PBXProject;
			attributes = {
				LastUpgradeCheck = 0710;
				ORGANIZATIONNAME = "David Zhong";
				TargetAttributes = {
					3EDD76B11C22606B0002F509 = {
						CreatedOnToolsVersion = 7.1;
					};
				};
			};
			buildConfigurationList = 3EDD76AD1C22606B0002F509 /* Build configuration list for PBXProject "26 Remove Duplicates from Sorted Array" */;
			compatibilityVersion = "Xcode 3.2";
			developmentRegion = English;
			hasScannedForEncodings = 0;
			knownRegions = (
				en,
			);
			mainGroup = 3EDD76A91C22606B0002F509;
			productRefGroup = 3EDD76B31C22606B0002F509 /* Products */;
			projectDirPath = "";
			projectRoot = "";
			targets = (
				3EDD76B11C22606B0002F509 /* 26 Remove Duplicates from Sorted Array */,
			);
		};
/* End PBXProject section */

/* Begin PBXSourcesBuildPhase section */
		3EDD76AE1C22606B0002F509 /* Sources */ = {
			isa = PBXSourcesBuildPhase;
			buildActionMask = 2147483647;
			files = (
				3EDD76BC1C2269D20002F509 /* main.cpp in Sources */,
			);
			runOnlyForDeploymentPostprocessing = 0;
		};
/* End PBXSourcesBuildPhase section */

/* Begin XCBuildConfiguration section */
		3EDD76B71C22606B0002F509 /* Debug */ = {
			isa = XCBuildConfiguration;
			buildSettings = {
				ALWAYS_SEARCH_USER_PATHS = NO;
				CLANG_CXX_LANGUAGE_STANDARD = "gnu++0x";
				CLANG_CXX_LIBRARY = "libc++";
				CLANG_ENABLE_MODULES = YES;
				CLANG_ENABLE_OBJC_ARC = YES;
				CLANG_WARN_BOOL_CONVERSION = YES;
				CLANG_WARN_CONSTANT_CONVERSION = YES;
				CLANG_WARN_DIRECT_OBJC_ISA_USAGE = YES_ERROR;
				CLANG_WARN_EMPTY_BODY = YES;
				CLANG_WARN_ENUM_CONVERSION = YES;
				CLANG_WARN_INT_CONVERSION = YES;
				CLANG_WARN_OBJC_ROOT_CLASS = YES_ERROR;
				CLANG_WARN_UNREACHABLE_CODE = YES;
				CLANG_WARN__DUPLICATE_METHOD_MATCH = YES;
				CODE_SIGN_IDENTITY = "-";
				COPY_PHASE_STRIP = NO;
				DEBUG_INFORMATION_FORMAT = dwarf;
				ENABLE_STRICT_OBJC_MSGSEND = YES;
				ENABLE_TESTABILITY = YES;
				GCC_C_LANGUAGE_STANDARD = gnu99;
				GCC_DYNAMIC_NO_PIC = NO;
				GCC_NO_COMMON_BLOCKS = YES;
				GCC_OPTIMIZATION_LEVEL = 0;
				GCC_PREPROCESSOR_DEFINITIONS = (
					"DEBUG=1",
					"$(inherited)",
				);
				GCC_WARN_64_TO_32_BIT_CONVERSION = YES;
				GCC_WARN_ABOUT_RETURN_TYPE = YES_ERROR;
				GCC_WARN_UNDECLARED_SELECTOR = YES;
				GCC_WARN_UNINITIALIZED_AUTOS = YES_AGGRESSIVE;
				GCC_WARN_UNUSED_FUNCTION = YES;
				GCC_WARN_UNUSED_VARIABLE = YES;
				MACOSX_DEPLOYMENT_TARGET = 10.11;
				MTL_ENABLE_DEBUG_INFO = YES;
				ONLY_ACTIVE_ARCH = YES;
				SDKROOT = macosx;
			};
			name = Debug;
		};
		3EDD76B81C22606B0002F509 /* Release */ = {
			isa = XCBuildConfiguration;
			buildSettings = {
				ALWAYS_SEARCH_USER_PATHS = NO;
				CLANG_CXX_LANGUAGE_STANDARD = "gnu++0x";
				CLANG_CXX_LIBRARY = "libc++";
				CLANG_ENABLE_MODULES = YES;
				CLANG_ENABLE_OBJC_ARC = YES;
				CLANG_WARN_BOOL_CONVERSION = YES;
				CLANG_WARN_CONSTANT_CONVERSION = YES;
				CLANG_WARN_DIRECT_OBJC_ISA_USAGE = YES_ERROR;
				CLANG_WARN_EMPTY_BODY = YES;
				CLANG_WARN_ENUM_CONVERSION = YES;
				CLANG_WARN_INT_CONVERSION = YES;
				CLANG_WARN_OBJC_ROOT_CLASS = YES_ERROR;
				CLANG_WARN_UNREACHABLE_CODE = YES;
				CLANG_WARN__DUPLICATE_METHOD_MATCH = YES;
				CODE_SIGN_IDENTITY = "-";
				COPY_PHASE_STRIP = NO;
				DEBUG_INFORMATION_FORMAT = "dwarf-with-dsym";
				ENABLE_NS_ASSERTIONS = NO;
				ENABLE_STRICT_OBJC_MSGSEND = YES;
				GCC_C_LANGUAGE_STANDARD = gnu99;
				GCC_NO_COMMON_BLOCKS = YES;
				GCC_WARN_64_TO_32_BIT_CONVERSION = YES;
				GCC_WARN_ABOUT_RETURN_TYPE = YES_ERROR;
				GCC_WARN_UNDECLARED_SELECTOR = YES;
				GCC_WARN_UNINITIALIZED_AUTOS = YES_AGGRESSIVE;
				GCC_WARN_UNUSED_FUNCTION = YES;
				GCC_WARN_UNUSED_VARIABLE = YES;
				MACOSX_DEPLOYMENT_TARGET = 10.11;
				MTL_ENABLE_DEBUG_INFO = NO;
				SDKROOT = macosx;
			};
			name = Release;
		};
		3EDD76BA1C22606B0002F509 /* Debug */ = {
			isa = XCBuildConfiguration;
			buildSettings = {
				PRODUCT_NAME = "$(TARGET_NAME)";
			};
			name = Debug;
		};
		3EDD76BB1C22606B0002F509 /* Release */ = {
			isa = XCBuildConfiguration;
			buildSettings = {
				PRODUCT_NAME = "$(TARGET_NAME)";
			};
			name = Release;
		};
/* End XCBuildConfiguration section */

/* Begin XCConfigurationList section */
		3EDD76AD1C22606B0002F509 /* Build configuration list for PBXProject "26 Remove Duplicates from Sorted Array" */ = {
			isa = XCConfigurationList;
			buildConfigurations = (
				3EDD76B71C22606B0002F509 /* Debug */,
				3EDD76B81C22606B0002F509 /* Release */,
			);
			defaultConfigurationIsVisible = 0;
			defaultConfigurationName = Release;
		};
		3EDD76B91C22606B0002F509 /* Build configuration list for PBXNativeTarget "26 Remove Duplicates from Sorted Array" */ = {
			isa = XCConfigurationList;
			buildConfigurations = (
				3EDD76BA1C22606B0002F509 /* Debug */,
				3EDD76BB1C22606B0002F509 /* Release */,
			);
			defaultConfigurationIsVisible = 0;
		};
/* End XCConfigurationList section */
	};
	rootObject = 3EDD76AA1C22606B0002F509 /* Project object */;
}
